Microsoft Visual Studio Solution File, Format Version 12.00
# Visual Studio Version 17
VisualStudioVersion = 17.5.2.0
MinimumVisualStudioVersion = 10.0.40219.1
Project("{FAE04EC0-301F-11D3-BF4B-00C04F79EFBC}") = "blazor_data_app", "blazor_data_app\blazor_data_app.csproj", "{753299D1-8AAE-816B-0278-934E55A9EC2D}"
EndProject
Global
	GlobalSection(SolutionConfigurationPlatforms) = preSolution
		Debug|Any CPU = Debug|Any CPU
		Release|Any CPU = Release|Any CPU
	EndGlobalSection
	GlobalSection(ProjectConfigurationPlatforms) = postSolution
		{753299D1-8AAE-816B-0278-934E55A9EC2D}.Debug|Any CPU.ActiveCfg = Debug|Any CPU
		{753299D1-8AAE-816B-0278-934E55A9EC2D}.Debug|Any CPU.Build.0 = Debug|Any CPU
		{753299D1-8AAE-816B-0278-934E55A9EC2D}.Release|Any CPU.ActiveCfg = Release|Any CPU
		{753299D1-8AAE-816B-0278-934E55A9EC2D}.Release|Any CPU.Build.0 = Release|Any CPU
	EndGlobalSection
	GlobalSection(SolutionProperties) = preSolution
		HideSolutionNode = FALSE
	EndGlobalSection
	GlobalSection(ExtensibilityGlobals) = postSolution
		SolutionGuid = {A407227A-DF05-41F6-BCD4-DB8A4CEAFE6B}
	EndGlobalSection
EndGlobal
